
Microsoft Visual Studio Solution File, Format Version 12.00
# Visual Studio Version 16
VisualStudioVersion = 16.0.29806.167
MinimumVisualStudioVersion = 10.0.40219.1
Project("{9A19103F-16F7-4668-BE54-9A1E7A4F7556}") = "CoOp19.App", "CoOp19.App\CoOp19.App.csproj", "{B6D31F2D-29C4-4F5F-AE7A-B99D234D7C3E}"
EndProject
Global
	GlobalSection(SolutionConfigurationPlatforms) = preSolution
		Debug|Any CPU = Debug|Any CPU
		Release|Any CPU = Release|Any CPU
	EndGlobalSection
	GlobalSection(ProjectConfigurationPlatforms) = postSolution
		{B6D31F2D-29C4-4F5F-AE7A-B99D234D7C3E}.Debug|Any CPU.ActiveCfg = Debug|Any CPU
		{B6D31F2D-29C4-4F5F-AE7A-B99D234D7C3E}.Debug|Any CPU.Build.0 = Debug|Any CPU
		{B6D31F2D-29C4-4F5F-AE7A-B99D234D7C3E}.Release|Any CPU.ActiveCfg = Release|Any CPU
		{B6D31F2D-29C4-4F5F-AE7A-B99D234D7C3E}.Release|Any CPU.Build.0 = Release|Any CPU
	EndGlobalSection
	GlobalSection(SolutionProperties) = preSolution
		HideSolutionNode = FALSE
	EndGlobalSection
	GlobalSection(ExtensibilityGlobals) = postSolution
		SolutionGuid = {B6BB9ADA-76E6-4C69-9ED0-D151C80E1A4F}
	EndGlobalSection
EndGlobal
